{
  "version": 4,
  "terraform_version": "1.1.9",
  "serial": 8,
  "lineage": "a25b08f8-1b74-d48d-b9c2-4ad1c8881388",
  "outputs": {
    "description": {
      "value": "Cluster Caso II Dev",
      "type": "string"
    },
    "id": {
      "value": "projects/stefanini-proyecto/locations/us-central1-a/clusters/gke-demo-dev",
      "type": "string"
    },
    "location": {
      "value": "us-central1-a",
      "type": "string"
    },
    "name": {
      "value": "gke-demo-dev",
      "type": "string"
    },
    "name-id": {
      "value": "projects/stefanini-proyecto/locations/us-central1-a/clusters/gke-demo-dev/nodePools/gke-pool",
      "type": "string"
    },
    "name-name": {
      "value": "gke-pool",
      "type": "string"
    },
    "name-project": {
      "value": "stefanini-proyecto",
      "type": "string"
    },
    "project": {
      "value": "stefanini-proyecto",
      "type": "string"
    }
  },
  "resources": [
    {
      "mode": "managed",
      "type": "google_container_cluster",
      "name": "default",
      "provider": "provider[\"registry.terraform.io/hashicorp/google\"]",
      "instances": [
        {
          "schema_version": 1,
          "attributes": {
            "addons_config": [
              {
                "cloudrun_config": [],
                "gcp_filestore_csi_driver_config": [],
                "horizontal_pod_autoscaling": [],
                "http_load_balancing": [],
                "network_policy_config": [
                  {
                    "disabled": true
                  }
                ]
              }
            ],
            "authenticator_groups_config": [],
            "cluster_autoscaling": [
              {
                "auto_provisioning_defaults": [],
                "enabled": false,
                "resource_limits": []
              }
            ],
            "cluster_ipv4_cidr": "10.56.0.0/14",
            "confidential_nodes": [],
            "database_encryption": [
              {
                "key_name": "",
                "state": "DECRYPTED"
              }
            ],
            "datapath_provider": "",
            "default_max_pods_per_node": null,
            "default_snat_status": [
              {
                "disabled": false
              }
            ],
            "description": "Cluster Caso II Dev",
            "dns_config": [],
            "enable_autopilot": false,
            "enable_binary_authorization": false,
            "enable_intranode_visibility": false,
            "enable_kubernetes_alpha": false,
            "enable_legacy_abac": true,
            "enable_shielded_nodes": true,
            "enable_tpu": false,
            "endpoint": "34.134.225.165",
            "id": "projects/stefanini-proyecto/locations/us-central1-a/clusters/gke-demo-dev",
            "initial_node_count": 1,
            "ip_allocation_policy": [],
            "label_fingerprint": "a9dc16a7",
            "location": "us-central1-a",
            "logging_config": [
              {
                "enable_components": [
                  "SYSTEM_COMPONENTS",
                  "WORKLOADS"
                ]
              }
            ],
            "logging_service": "logging.googleapis.com/kubernetes",
            "maintenance_policy": [],
            "master_auth": [
              {
                "client_certificate": "",
                "client_certificate_config": [
                  {
                    "issue_client_certificate": false
                  }
                ],
                "client_key": "",
                "cluster_ca_certificate": "LS0tLS1CRUdJTiBDRVJUSUZJQ0FURS0tLS0tCk1JSUVMVENDQXBXZ0F3SUJBZ0lSQU91by9OZElXcHA3NzJNWVZ2UWZYY013RFFZSktvWklodmNOQVFFTEJRQXcKTHpFdE1Dc0dBMVVFQXhNa1lqWm1OR0ZsTVRVdE5tRXpPQzAwTVRkbExXSmxNVGN0T0RRMVpEZGtOVFl6TW1RMgpNQ0FYRFRJeU1EVXhNekF5TWpFd09Gb1lEekl3TlRJd05UQTFNRE15TVRBNFdqQXZNUzB3S3dZRFZRUURFeVJpCk5tWTBZV1V4TlMwMllUTTRMVFF4TjJVdFltVXhOeTA0TkRWa04yUTFOak15WkRZd2dnR2lNQTBHQ1NxR1NJYjMKRFFFQkFRVUFBNElCandBd2dnR0tBb0lCZ1FEaGQ2UXFiTFBRMTdJaHlhK2hZTVpaZWthN2dDU3ZhTDRCTFF6Rgp4NUtTeGlYLzFCUjB6cm5ndkI1amNzS25CZXV4Z3hnRXk4WTBzU2o0SEw2WStDOC9NcmpwVnhKam5BS1hqMk5MCkwwdTRSYVRwQnl2WW5zZ3ZuRXJTWTNIajJDNUZOcmRoRmg5NWJzOUZjWHFHb1hMQWpmYmNtZzlHNzd5dEVrZnkKZHlMSHdMVGVET0pydG5td3VyNi82Y0NHOTBFZi9vZEp4WmFwMEVwV1FsOTRXZzZDb080UHJXaXNweUdVb0dBZApPUEVsS1h4MTBsaVJ4WUtQaGVtMDErNEhJaGNMb1B1ZFVwRWVDTjZNZEdTQXVxaGRsWnJhdC9meWFJTHJLWHFiCm9JTVFCL3BPcmxaVnZWc2pCY09MSW5NUnpieFNCdnJxN2VLc0d1UWJTYWhXL3dWbFRoV3hYUWJ1d2hHWnl5YWYKQWdqODQ3L2JUbEpxRUVBOGNqYS9oNkMvWTYwVEFGZElVV2VyRkFkR1JRbmlLdzJDK2ExQUZxaDh5enp5RE1iSwpqZ2JhUEhpODhsaVlhQVZ0aHNOOThhbERhNW5Vd1RHcEtJdzBwQkplRlVYT09XRlJjTU5kODJKRm9qS3RLZjlZCjAyZlk0T3R2MjBHbzhHZGFreUx1YVBhdHdma0NBd0VBQWFOQ01FQXdEZ1lEVlIwUEFRSC9CQVFEQWdJRU1BOEcKQTFVZEV3RUIvd1FGTUFNQkFmOHdIUVlEVlIwT0JCWUVGQjlwZnpIRVBFRDhudUJCSU5ZSGVzSUNBNU41TUEwRwpDU3FHU0liM0RRRUJDd1VBQTRJQmdRQlZ3bUtBRVZoUG1GbFZwL0FmVGI3bmtYcjBsc09jY2xxVDZZQnNQL0RGCk1SbGhtRUJkV3UxMnVyL3o4UkM4QXBaQWx5TWQ4K2wyRTJPVTZOc1VSdTREeGxaY1c0azFkSXdMOXdHSGxKWkIKUTlFQTZPYmwrYU9nTjNBUmhZaWY2b00yeTQwbVBIL2RTQzJteTdLRFl1YmRXTHhVK2hHelVCd3BQMWI1Y0FaRApzdmw4WjNnLzltM2M3K05CNGJSWXgxZWRVUHdYMnBCU1QvWHdZZVZCbE8wL0hoOWZWUzQzaWM0NGN4WUVRZlJLCjJRVVNHRDRqcVdZclFRdDBWK1dRL1BvMVgvVDlObVZiZ3poNHZXa2xlQWxpZXJSbVE1Sk41eUdsd2JYN1ZORHoKTWdJbDlqd1dxWC9vZ2FoSmVYR2QwVm56VFgwa1BEaEc0SHhMWUs1WWFhNkJBMThDb2kxWkprWXNXbjhRVk9uZApXaXBqaTlpWEdSaEZlVll3ZG1LRG1ZTlZzVjl1Z3lnSjFDVTYwcG1kelBzaW9ZaGVCeTFEVkVkVFVPRWk4NU85CklXWld5djlLUHZPVWlsUE5xRWhFbVJjTkRZR3VtQllCbnYzdWd2U1ArUDgxZW5OeFFtbFhyWi81cVRmSnJYa2kKNlFHVjNrQi9FZDR5M2lqa1Rqa25SREk9Ci0tLS0tRU5EIENFUlRJRklDQVRFLS0tLS0K"
              }
            ],
            "master_authorized_networks_config": [],
            "master_version": "1.21.10-gke.2000",
            "min_master_version": null,
            "monitoring_config": [
              {
                "enable_components": [
                  "SYSTEM_COMPONENTS"
                ]
              }
            ],
            "monitoring_service": "monitoring.googleapis.com/kubernetes",
            "name": "gke-demo-dev",
            "network": "projects/stefanini-proyecto/global/networks/default",
            "network_policy": [
              {
                "enabled": false,
                "provider": "PROVIDER_UNSPECIFIED"
              }
            ],
            "networking_mode": "ROUTES",
            "node_config": [],
            "node_locations": [],
            "node_pool": [],
            "node_version": "1.21.10-gke.2000",
            "operation": null,
            "private_cluster_config": [],
            "private_ipv6_google_access": "",
            "project": "stefanini-proyecto",
            "release_channel": [
              {
                "channel": "REGULAR"
              }
            ],
            "remove_default_node_pool": true,
            "resource_labels": null,
            "resource_usage_export_config": [],
            "self_link": "https://container.googleapis.com/v1/projects/stefanini-proyecto/zones/us-central1-a/clusters/gke-demo-dev",
            "services_ipv4_cidr": "10.59.240.0/20",
            "subnetwork": "projects/stefanini-proyecto/regions/us-central1/subnetworks/default",
            "timeouts": null,
            "tpu_ipv4_cidr_block": "",
            "vertical_pod_autoscaling": [],
            "workload_identity_config": []
          },
          "sensitive_attributes": [],
          "private": "eyJlMmJmYjczMC1lY2FhLTExZTYtOGY4OC0zNDM2M2JjN2M0YzAiOnsiY3JlYXRlIjoyNDAwMDAwMDAwMDAwLCJkZWxldGUiOjI0MDAwMDAwMDAwMDAsInJlYWQiOjI0MDAwMDAwMDAwMDAsInVwZGF0ZSI6MzYwMDAwMDAwMDAwMH0sInNjaGVtYV92ZXJzaW9uIjoiMSJ9"
        }
      ]
    },
    {
      "mode": "managed",
      "type": "google_container_node_pool",
      "name": "default",
      "provider": "provider[\"registry.terraform.io/hashicorp/google\"]",
      "instances": [
        {
          "schema_version": 1,
          "attributes": {
            "autoscaling": [],
            "cluster": "gke-demo-dev",
            "id": "projects/stefanini-proyecto/locations/us-central1-a/clusters/gke-demo-dev/nodePools/gke-pool",
            "initial_node_count": 1,
            "instance_group_urls": [
              "https://www.googleapis.com/compute/v1/projects/stefanini-proyecto/zones/us-central1-a/instanceGroupManagers/gke-gke-demo-dev-gke-pool-5fd7322b-grp"
            ],
            "location": "us-central1-a",
            "managed_instance_group_urls": [
              "https://www.googleapis.com/compute/v1/projects/stefanini-proyecto/zones/us-central1-a/instanceGroups/gke-gke-demo-dev-gke-pool-5fd7322b-grp"
            ],
            "management": [
              {
                "auto_repair": true,
                "auto_upgrade": true
              }
            ],
            "max_pods_per_node": null,
            "name": "gke-pool",
            "name_prefix": "",
            "node_config": [
              {
                "boot_disk_kms_key": "",
                "disk_size_gb": 100,
                "disk_type": "pd-standard",
                "gcfs_config": [],
                "guest_accelerator": [],
                "gvnic": [],
                "image_type": "COS_CONTAINERD",
                "labels": {},
                "local_ssd_count": 0,
                "machine_type": "e2-micro",
                "metadata": {
                  "disable-legacy-endpoints": "true",
                  "disabled-enable_legacy_abac": "true"
                },
                "min_cpu_platform": "",
                "node_group": "",
                "oauth_scopes": [
                  "https://www.googleapis.com/auth/logging.write",
                  "https://www.googleapis.com/auth/monitoring"
                ],
                "preemptible": true,
                "service_account": "default",
                "shielded_instance_config": [
                  {
                    "enable_integrity_monitoring": true,
                    "enable_secure_boot": false
                  }
                ],
                "tags": null,
                "taint": [],
                "workload_metadata_config": []
              }
            ],
            "node_count": 1,
            "node_locations": [
              "us-central1-a"
            ],
            "operation": null,
            "project": "stefanini-proyecto",
            "timeouts": null,
            "upgrade_settings": [
              {
                "max_surge": 1,
                "max_unavailable": 0
              }
            ],
            "version": "1.21.10-gke.2000"
          },
          "sensitive_attributes": [],
          "private": "eyJlMmJmYjczMC1lY2FhLTExZTYtOGY4OC0zNDM2M2JjN2M0YzAiOnsiY3JlYXRlIjoxODAwMDAwMDAwMDAwLCJkZWxldGUiOjE4MDAwMDAwMDAwMDAsInVwZGF0ZSI6MTgwMDAwMDAwMDAwMH0sInNjaGVtYV92ZXJzaW9uIjoiMSJ9",
          "dependencies": [
            "google_container_cluster.default"
          ]
        }
      ]
    }
  ]
}
